
Microsoft Visual Studio Solution File, Format Version 12.00
# Visual Studio Version 16
VisualStudioVersion = 16.0.30413.136
MinimumVisualStudioVersion = 10.0.40219.1
Project("{FAE04EC0-301F-11D3-BF4B-00C04F79EFBC}") = "JogoGourmet.App", "JogoGourmet.App\JogoGourmet.App.csproj", "{FF2E3B19-126C-4658-875C-8A76E212E216}"
EndProject
Project("{FAE04EC0-301F-11D3-BF4B-00C04F79EFBC}") = "JogoGourmet.Domain", "JogoGourmet.Domain\JogoGourmet.Domain.csproj", "{409B4C45-B6C8-4ABA-8855-0DDE30EAE8B2}"
EndProject
Project("{FAE04EC0-301F-11D3-BF4B-00C04F79EFBC}") = "JogoGourmet.Tets", "JogoGourmet.Tets\JogoGourmet.Tets.csproj", "{908443C0-B162-4375-9F14-8AFEC5C72B00}"
EndProject
Global
	GlobalSection(SolutionConfigurationPlatforms) = preSolution
		Debug|Any CPU = Debug|Any CPU
		Release|Any CPU = Release|Any CPU
	EndGlobalSection
	GlobalSection(ProjectConfigurationPlatforms) = postSolution
		{FF2E3B19-126C-4658-875C-8A76E212E216}.Debug|Any CPU.ActiveCfg = Debug|Any CPU
		{FF2E3B19-126C-4658-875C-8A76E212E216}.Debug|Any CPU.Build.0 = Debug|Any CPU
		{FF2E3B19-126C-4658-875C-8A76E212E216}.Release|Any CPU.ActiveCfg = Release|Any CPU
		{FF2E3B19-126C-4658-875C-8A76E212E216}.Release|Any CPU.Build.0 = Release|Any CPU
		{409B4C45-B6C8-4ABA-8855-0DDE30EAE8B2}.Debug|Any CPU.ActiveCfg = Debug|Any CPU
		{409B4C45-B6C8-4ABA-8855-0DDE30EAE8B2}.Debug|Any CPU.Build.0 = Debug|Any CPU
		{409B4C45-B6C8-4ABA-8855-0DDE30EAE8B2}.Release|Any CPU.ActiveCfg = Release|Any CPU
		{409B4C45-B6C8-4ABA-8855-0DDE30EAE8B2}.Release|Any CPU.Build.0 = Release|Any CPU
		{908443C0-B162-4375-9F14-8AFEC5C72B00}.Debug|Any CPU.ActiveCfg = Debug|Any CPU
		{908443C0-B162-4375-9F14-8AFEC5C72B00}.Debug|Any CPU.Build.0 = Debug|Any CPU
		{908443C0-B162-4375-9F14-8AFEC5C72B00}.Release|Any CPU.ActiveCfg = Release|Any CPU
		{908443C0-B162-4375-9F14-8AFEC5C72B00}.Release|Any CPU.Build.0 = Release|Any CPU
	EndGlobalSection
	GlobalSection(SolutionProperties) = preSolution
		HideSolutionNode = FALSE
	EndGlobalSection
	GlobalSection(ExtensibilityGlobals) = postSolution
		SolutionGuid = {B4D002DC-4E8D-4855-AA61-9E4E2D50ABC7}
	EndGlobalSection
EndGlobal
